
Microsoft Visual Studio Solution File, Format Version 12.00
# Visual Studio Version 17
VisualStudioVersion = 17.9.34728.123
MinimumVisualStudioVersion = 10.0.40219.1
Project("{FAE04EC0-301F-11D3-BF4B-00C04F79EFBC}") = "FitCheck", "FitCheck\FitCheck.csproj", "{363CB2B9-2824-4A40-81A4-0D1B8FE9176F}"
EndProject
Project("{FAE04EC0-301F-11D3-BF4B-00C04F79EFBC}") = "FitCheck.MauiControls", "FitCheck.MauiControls\FitCheck.MauiControls.csproj", "{0CC864ED-2D1C-4C4A-9DCD-5E5E9BFA1E20}"
EndProject
Project("{2150E333-8FDC-42A3-9474-1A3956D46DE8}") = "Tests", "Tests", "{BE47BBA8-F244-4F2D-BA26-E42F50C289B8}"
EndProject
Project("{9A19103F-16F7-4668-BE54-9A1E7A4F7556}") = "FitCheck.UITests", "FitCheck.UITests\FitCheck.UITests.csproj", "{B6BDA39C-EF34-4634-AF0E-FB49AF7D1D44}"
EndProject
Project("{9A19103F-16F7-4668-BE54-9A1E7A4F7556}") = "FitCheck.Tests", "FitCheck.Tests\FitCheck.Tests.csproj", "{E12B1CB5-BE87-475D-BFE3-0BC57FC1A901}"
EndProject
Project("{2150E333-8FDC-42A3-9474-1A3956D46DE8}") = "Solution Items", "Solution Items", "{3CB0E7FF-4B9C-4224-98FA-0206E66EF2B2}"
	ProjectSection(SolutionItems) = preProject
		.gitignore = .gitignore
		Directory.Build.props = Directory.Build.props
		Directory.Build.targets = Directory.Build.targets
		Directory.Packages.props = Directory.Packages.props
		global.json = global.json
	EndProjectSection
EndProject
Global
	GlobalSection(SolutionConfigurationPlatforms) = preSolution
		Debug|Any CPU = Debug|Any CPU
		Release|Any CPU = Release|Any CPU
	EndGlobalSection
	GlobalSection(ProjectConfigurationPlatforms) = postSolution
		{363CB2B9-2824-4A40-81A4-0D1B8FE9176F}.Debug|Any CPU.ActiveCfg = Debug|Any CPU
		{363CB2B9-2824-4A40-81A4-0D1B8FE9176F}.Debug|Any CPU.Build.0 = Debug|Any CPU
		{363CB2B9-2824-4A40-81A4-0D1B8FE9176F}.Debug|Any CPU.Deploy.0 = Debug|Any CPU
		{363CB2B9-2824-4A40-81A4-0D1B8FE9176F}.Release|Any CPU.ActiveCfg = Release|Any CPU
		{363CB2B9-2824-4A40-81A4-0D1B8FE9176F}.Release|Any CPU.Build.0 = Release|Any CPU
		{363CB2B9-2824-4A40-81A4-0D1B8FE9176F}.Release|Any CPU.Deploy.0 = Release|Any CPU
		{0CC864ED-2D1C-4C4A-9DCD-5E5E9BFA1E20}.Debug|Any CPU.ActiveCfg = Debug|Any CPU
		{0CC864ED-2D1C-4C4A-9DCD-5E5E9BFA1E20}.Debug|Any CPU.Build.0 = Debug|Any CPU
		{0CC864ED-2D1C-4C4A-9DCD-5E5E9BFA1E20}.Debug|Any CPU.Deploy.0 = Debug|Any CPU
		{0CC864ED-2D1C-4C4A-9DCD-5E5E9BFA1E20}.Release|Any CPU.ActiveCfg = Release|Any CPU
		{0CC864ED-2D1C-4C4A-9DCD-5E5E9BFA1E20}.Release|Any CPU.Build.0 = Release|Any CPU
		{0CC864ED-2D1C-4C4A-9DCD-5E5E9BFA1E20}.Release|Any CPU.Deploy.0 = Release|Any CPU
		{B6BDA39C-EF34-4634-AF0E-FB49AF7D1D44}.Debug|Any CPU.ActiveCfg = Debug|Any CPU
		{B6BDA39C-EF34-4634-AF0E-FB49AF7D1D44}.Debug|Any CPU.Build.0 = Debug|Any CPU
		{B6BDA39C-EF34-4634-AF0E-FB49AF7D1D44}.Debug|Any CPU.Deploy.0 = Debug|Any CPU
		{B6BDA39C-EF34-4634-AF0E-FB49AF7D1D44}.Release|Any CPU.ActiveCfg = Release|Any CPU
		{B6BDA39C-EF34-4634-AF0E-FB49AF7D1D44}.Release|Any CPU.Build.0 = Release|Any CPU
		{B6BDA39C-EF34-4634-AF0E-FB49AF7D1D44}.Release|Any CPU.Deploy.0 = Release|Any CPU
		{E12B1CB5-BE87-475D-BFE3-0BC57FC1A901}.Debug|Any CPU.ActiveCfg = Debug|Any CPU
		{E12B1CB5-BE87-475D-BFE3-0BC57FC1A901}.Debug|Any CPU.Build.0 = Debug|Any CPU
		{E12B1CB5-BE87-475D-BFE3-0BC57FC1A901}.Debug|Any CPU.Deploy.0 = Debug|Any CPU
		{E12B1CB5-BE87-475D-BFE3-0BC57FC1A901}.Release|Any CPU.ActiveCfg = Release|Any CPU
		{E12B1CB5-BE87-475D-BFE3-0BC57FC1A901}.Release|Any CPU.Build.0 = Release|Any CPU
		{E12B1CB5-BE87-475D-BFE3-0BC57FC1A901}.Release|Any CPU.Deploy.0 = Release|Any CPU
	EndGlobalSection
	GlobalSection(SolutionProperties) = preSolution
		HideSolutionNode = FALSE
	EndGlobalSection
	GlobalSection(NestedProjects) = preSolution
		{B6BDA39C-EF34-4634-AF0E-FB49AF7D1D44} = {BE47BBA8-F244-4F2D-BA26-E42F50C289B8}
		{E12B1CB5-BE87-475D-BFE3-0BC57FC1A901} = {BE47BBA8-F244-4F2D-BA26-E42F50C289B8}
	EndGlobalSection
	GlobalSection(ExtensibilityGlobals) = postSolution
		SolutionGuid = {86DEA748-A4AE-4216-AEDC-FD3636068EE5}
	EndGlobalSection
EndGlobal
