
Microsoft Visual Studio Solution File, Format Version 12.00
# Visual Studio Version 17
VisualStudioVersion = 17.9.34723.18
MinimumVisualStudioVersion = 10.0.40219.1
Project("{9A19103F-16F7-4668-BE54-9A1E7A4F7556}") = "FitCheck", "FitCheck\FitCheck.csproj", "{B4D4DA71-1A6B-4389-9826-C17C7A57A149}"
EndProject
Project("{9A19103F-16F7-4668-BE54-9A1E7A4F7556}") = "FitCheck.Android", "FitCheck.Android\FitCheck.Android.csproj", "{B725CA49-7C9B-485E-A388-C37327794E9C}"
EndProject
Project("{9A19103F-16F7-4668-BE54-9A1E7A4F7556}") = "FitCheck.Desktop", "FitCheck.Desktop\FitCheck.Desktop.csproj", "{941D657A-6A1F-4224-A7BC-63E5F944F3F2}"
EndProject
Project("{9A19103F-16F7-4668-BE54-9A1E7A4F7556}") = "FitCheck.Browser", "FitCheck.Browser\FitCheck.Browser.csproj", "{86D7ADB3-97F6-4EFC-8EFF-FFF112A52199}"
EndProject
Global
	GlobalSection(SolutionConfigurationPlatforms) = preSolution
		Debug|Any CPU = Debug|Any CPU
		Release|Any CPU = Release|Any CPU
	EndGlobalSection
	GlobalSection(ProjectConfigurationPlatforms) = postSolution
		{B4D4DA71-1A6B-4389-9826-C17C7A57A149}.Debug|Any CPU.ActiveCfg = Debug|Any CPU
		{B4D4DA71-1A6B-4389-9826-C17C7A57A149}.Debug|Any CPU.Build.0 = Debug|Any CPU
		{B4D4DA71-1A6B-4389-9826-C17C7A57A149}.Release|Any CPU.ActiveCfg = Release|Any CPU
		{B4D4DA71-1A6B-4389-9826-C17C7A57A149}.Release|Any CPU.Build.0 = Release|Any CPU
		{B725CA49-7C9B-485E-A388-C37327794E9C}.Debug|Any CPU.ActiveCfg = Debug|Any CPU
		{B725CA49-7C9B-485E-A388-C37327794E9C}.Debug|Any CPU.Build.0 = Debug|Any CPU
		{B725CA49-7C9B-485E-A388-C37327794E9C}.Debug|Any CPU.Deploy.0 = Debug|Any CPU
		{B725CA49-7C9B-485E-A388-C37327794E9C}.Release|Any CPU.ActiveCfg = Release|Any CPU
		{B725CA49-7C9B-485E-A388-C37327794E9C}.Release|Any CPU.Build.0 = Release|Any CPU
		{B725CA49-7C9B-485E-A388-C37327794E9C}.Release|Any CPU.Deploy.0 = Release|Any CPU
		{941D657A-6A1F-4224-A7BC-63E5F944F3F2}.Debug|Any CPU.ActiveCfg = Debug|Any CPU
		{941D657A-6A1F-4224-A7BC-63E5F944F3F2}.Debug|Any CPU.Build.0 = Debug|Any CPU
		{941D657A-6A1F-4224-A7BC-63E5F944F3F2}.Release|Any CPU.ActiveCfg = Release|Any CPU
		{941D657A-6A1F-4224-A7BC-63E5F944F3F2}.Release|Any CPU.Build.0 = Release|Any CPU
		{86D7ADB3-97F6-4EFC-8EFF-FFF112A52199}.Debug|Any CPU.ActiveCfg = Debug|Any CPU
		{86D7ADB3-97F6-4EFC-8EFF-FFF112A52199}.Debug|Any CPU.Build.0 = Debug|Any CPU
		{86D7ADB3-97F6-4EFC-8EFF-FFF112A52199}.Release|Any CPU.ActiveCfg = Release|Any CPU
		{86D7ADB3-97F6-4EFC-8EFF-FFF112A52199}.Release|Any CPU.Build.0 = Release|Any CPU
	EndGlobalSection
	GlobalSection(SolutionProperties) = preSolution
		HideSolutionNode = FALSE
	EndGlobalSection
	GlobalSection(ExtensibilityGlobals) = postSolution
		SolutionGuid = {FAFB6A2A-925C-4155-9D1C-D48EC921877D}
	EndGlobalSection
EndGlobal
