
Microsoft Visual Studio Solution File, Format Version 12.00
# Visual Studio Version 17
VisualStudioVersion = 17.9.34728.123
MinimumVisualStudioVersion = 10.0.40219.1
Project("{FAE04EC0-301F-11D3-BF4B-00C04F79EFBC}") = "api", "api.csproj", "{3AF350D8-192E-4A43-9B5D-D6E6DF098066}"
EndProject
Global
	GlobalSection(SolutionConfigurationPlatforms) = preSolution
		Debug|Any CPU = Debug|Any CPU
		Release|Any CPU = Release|Any CPU
	EndGlobalSection
	GlobalSection(ProjectConfigurationPlatforms) = postSolution
		{3AF350D8-192E-4A43-9B5D-D6E6DF098066}.Debug|Any CPU.ActiveCfg = Debug|Any CPU
		{3AF350D8-192E-4A43-9B5D-D6E6DF098066}.Debug|Any CPU.Build.0 = Debug|Any CPU
		{3AF350D8-192E-4A43-9B5D-D6E6DF098066}.Release|Any CPU.ActiveCfg = Release|Any CPU
		{3AF350D8-192E-4A43-9B5D-D6E6DF098066}.Release|Any CPU.Build.0 = Release|Any CPU
	EndGlobalSection
	GlobalSection(SolutionProperties) = preSolution
		HideSolutionNode = FALSE
	EndGlobalSection
	GlobalSection(ExtensibilityGlobals) = postSolution
		SolutionGuid = {3192F29C-629B-4BBA-BCD0-8FB0F4616E6B}
	EndGlobalSection
EndGlobal
